{
  "name": "vue-laravel",
  "lockfileVersion": 3,
  "requires": true,
  "packages": {
    "": {
      "dependencies": {
        "ziggy-js": "^2.6.3"
      }
    },
    "node_modules/qs-esm": {
      "version": "7.0.3",
      "resolved": "https://registry.npmjs.org/qs-esm/-/qs-esm-7.0.3.tgz",
      "integrity": "sha512-8jbjCR0PPbqoQcv83C2K/zvVeytRPwPpt3WPDbq51qyLAxcWGtXVRjSe6GHtLCoVbg9+NEFkv7GyUxqjcDIJzw==",
      "license": "BSD-3-Clause",
      "engines": {
        "node": ">=18"
      },
      "funding": {
        "url": "https://github.com/sponsors/ljharb"
      }
    },
    "node_modules/ziggy-js": {
      "version": "2.6.3",
      "resolved": "https://registry.npmjs.org/ziggy-js/-/ziggy-js-2.6.3.tgz",
      "integrity": "sha512-YcuXM0BohyWUsQcibMmlGMrfF01BQogRjrfg/AWQhG3rB/Swt76/SJxH5AH8X8Xn5aDWxGpYKdXV7Fo5g+BVLQ==",
      "license": "MIT",
      "dependencies": {
        "qs-esm": "^7.0.3"
      }
    }
  }
}
